
Microsoft Visual Studio Solution File, Format Version 12.00
# Visual Studio Version 17
VisualStudioVersion = 17.3.32901.215
MinimumVisualStudioVersion = 10.0.40219.1
Project("{FAE04EC0-301F-11D3-BF4B-00C04F79EFBC}") = "MasterDetails.api", "MasterDetails.api\MasterDetails.api.csproj", "{E172D196-D7AB-499F-B818-7FA67B1B7CE1}"
EndProject
Project("{FAE04EC0-301F-11D3-BF4B-00C04F79EFBC}") = "MasterDetails.Core", "MasterDetails.Core\MasterDetails.Core.csproj", "{BC598B14-1850-4694-970F-AC89FF9CEAC4}"
EndProject
Project("{FAE04EC0-301F-11D3-BF4B-00C04F79EFBC}") = "MasterDetails.Ef", "MasterDetails.Ef\MasterDetails.Ef.csproj", "{6FE2976C-4037-4953-9F34-9EC5DFE3EA2C}"
EndProject
Global
	GlobalSection(SolutionConfigurationPlatforms) = preSolution
		Debug|Any CPU = Debug|Any CPU
		Release|Any CPU = Release|Any CPU
	EndGlobalSection
	GlobalSection(ProjectConfigurationPlatforms) = postSolution
		{E172D196-D7AB-499F-B818-7FA67B1B7CE1}.Debug|Any CPU.ActiveCfg = Debug|Any CPU
		{E172D196-D7AB-499F-B818-7FA67B1B7CE1}.Debug|Any CPU.Build.0 = Debug|Any CPU
		{E172D196-D7AB-499F-B818-7FA67B1B7CE1}.Release|Any CPU.ActiveCfg = Release|Any CPU
		{E172D196-D7AB-499F-B818-7FA67B1B7CE1}.Release|Any CPU.Build.0 = Release|Any CPU
		{BC598B14-1850-4694-970F-AC89FF9CEAC4}.Debug|Any CPU.ActiveCfg = Debug|Any CPU
		{BC598B14-1850-4694-970F-AC89FF9CEAC4}.Debug|Any CPU.Build.0 = Debug|Any CPU
		{BC598B14-1850-4694-970F-AC89FF9CEAC4}.Release|Any CPU.ActiveCfg = Release|Any CPU
		{BC598B14-1850-4694-970F-AC89FF9CEAC4}.Release|Any CPU.Build.0 = Release|Any CPU
		{6FE2976C-4037-4953-9F34-9EC5DFE3EA2C}.Debug|Any CPU.ActiveCfg = Debug|Any CPU
		{6FE2976C-4037-4953-9F34-9EC5DFE3EA2C}.Debug|Any CPU.Build.0 = Debug|Any CPU
		{6FE2976C-4037-4953-9F34-9EC5DFE3EA2C}.Release|Any CPU.ActiveCfg = Release|Any CPU
		{6FE2976C-4037-4953-9F34-9EC5DFE3EA2C}.Release|Any CPU.Build.0 = Release|Any CPU
	EndGlobalSection
	GlobalSection(SolutionProperties) = preSolution
		HideSolutionNode = FALSE
	EndGlobalSection
	GlobalSection(ExtensibilityGlobals) = postSolution
		SolutionGuid = {68BC0BE7-797F-41A1-9099-E990FC5BF666}
	EndGlobalSection
EndGlobal
